
Microsoft Visual Studio Solution File, Format Version 12.00
# Visual Studio Version 16
VisualStudioVersion = 16.0.31205.134
MinimumVisualStudioVersion = 10.0.40219.1
Project("{FAE04EC0-301F-11D3-BF4B-00C04F79EFBC}") = "sinemaBiletOtomasyonu2", "sinemaBiletOtomasyonu2\sinemaBiletOtomasyonu2.csproj", "{468BDD98-3B52-42FD-A9C6-74E37CD24731}"
EndProject
Global
	GlobalSection(SolutionConfigurationPlatforms) = preSolution
		Debug|Any CPU = Debug|Any CPU
		Debug|x64 = Debug|x64
		Release|Any CPU = Release|Any CPU
		Release|x64 = Release|x64
	EndGlobalSection
	GlobalSection(ProjectConfigurationPlatforms) = postSolution
		{468BDD98-3B52-42FD-A9C6-74E37CD24731}.Debug|Any CPU.ActiveCfg = Debug|Any CPU
		{468BDD98-3B52-42FD-A9C6-74E37CD24731}.Debug|Any CPU.Build.0 = Debug|Any CPU
		{468BDD98-3B52-42FD-A9C6-74E37CD24731}.Debug|x64.ActiveCfg = Debug|x64
		{468BDD98-3B52-42FD-A9C6-74E37CD24731}.Debug|x64.Build.0 = Debug|x64
		{468BDD98-3B52-42FD-A9C6-74E37CD24731}.Release|Any CPU.ActiveCfg = Release|Any CPU
		{468BDD98-3B52-42FD-A9C6-74E37CD24731}.Release|Any CPU.Build.0 = Release|Any CPU
		{468BDD98-3B52-42FD-A9C6-74E37CD24731}.Release|x64.ActiveCfg = Release|x64
		{468BDD98-3B52-42FD-A9C6-74E37CD24731}.Release|x64.Build.0 = Release|x64
	EndGlobalSection
	GlobalSection(SolutionProperties) = preSolution
		HideSolutionNode = FALSE
	EndGlobalSection
	GlobalSection(ExtensibilityGlobals) = postSolution
		SolutionGuid = {3AF052E1-627C-4240-B689-764D398BF475}
	EndGlobalSection
EndGlobal
